
Microsoft Visual Studio Solution File, Format Version 12.00
# Visual Studio Version 17
VisualStudioVersion = 17.1.32328.378
MinimumVisualStudioVersion = 10.0.40219.1
Project("{9A19103F-16F7-4668-BE54-9A1E7A4F7556}") = "Inventory", "Inventory\Inventory.csproj", "{3260261A-91B4-4E43-9A05-8ABBEEB67565}"
EndProject
Project("{9A19103F-16F7-4668-BE54-9A1E7A4F7556}") = "AuthAPI", "AuthAPI\AuthAPI.csproj", "{276B4CD8-6EA1-4CE7-A716-C69BD671C17E}"
EndProject
Project("{FAE04EC0-301F-11D3-BF4B-00C04F79EFBC}") = "SharedModule", "SharedModule\SharedModule.csproj", "{00AB6842-7F6F-4C80-A643-71ED22895E01}"
EndProject
Global
	GlobalSection(SolutionConfigurationPlatforms) = preSolution
		Debug|Any CPU = Debug|Any CPU
		Release|Any CPU = Release|Any CPU
	EndGlobalSection
	GlobalSection(ProjectConfigurationPlatforms) = postSolution
		{3260261A-91B4-4E43-9A05-8ABBEEB67565}.Debug|Any CPU.ActiveCfg = Debug|Any CPU
		{3260261A-91B4-4E43-9A05-8ABBEEB67565}.Debug|Any CPU.Build.0 = Debug|Any CPU
		{3260261A-91B4-4E43-9A05-8ABBEEB67565}.Release|Any CPU.ActiveCfg = Release|Any CPU
		{3260261A-91B4-4E43-9A05-8ABBEEB67565}.Release|Any CPU.Build.0 = Release|Any CPU
		{276B4CD8-6EA1-4CE7-A716-C69BD671C17E}.Debug|Any CPU.ActiveCfg = Debug|Any CPU
		{276B4CD8-6EA1-4CE7-A716-C69BD671C17E}.Debug|Any CPU.Build.0 = Debug|Any CPU
		{276B4CD8-6EA1-4CE7-A716-C69BD671C17E}.Release|Any CPU.ActiveCfg = Release|Any CPU
		{276B4CD8-6EA1-4CE7-A716-C69BD671C17E}.Release|Any CPU.Build.0 = Release|Any CPU
		{00AB6842-7F6F-4C80-A643-71ED22895E01}.Debug|Any CPU.ActiveCfg = Debug|Any CPU
		{00AB6842-7F6F-4C80-A643-71ED22895E01}.Debug|Any CPU.Build.0 = Debug|Any CPU
		{00AB6842-7F6F-4C80-A643-71ED22895E01}.Release|Any CPU.ActiveCfg = Release|Any CPU
		{00AB6842-7F6F-4C80-A643-71ED22895E01}.Release|Any CPU.Build.0 = Release|Any CPU
	EndGlobalSection
	GlobalSection(SolutionProperties) = preSolution
		HideSolutionNode = FALSE
	EndGlobalSection
	GlobalSection(ExtensibilityGlobals) = postSolution
		SolutionGuid = {27C01B1B-EC81-4A3E-A462-11B2B03B3D69}
	EndGlobalSection
EndGlobal
